
Microsoft Visual Studio Solution File, Format Version 12.00
# Visual Studio 2012
Project("{8BC9CEB8-8B4A-11D0-8D11-00A0C91BC942}") = "GameDatabase", "GameDatabase\GameDatabase.vcxproj", "{EC8C7942-EE97-44A4-BDFE-307BFACF588B}"
EndProject
Global
	GlobalSection(SolutionConfigurationPlatforms) = preSolution
		Debug|Win32 = Debug|Win32
		Debug|x64 = Debug|x64
		Release|Win32 = Release|Win32
		Release|x64 = Release|x64
	EndGlobalSection
	GlobalSection(ProjectConfigurationPlatforms) = postSolution
		{EC8C7942-EE97-44A4-BDFE-307BFACF588B}.Debug|Win32.ActiveCfg = Release|Win32
		{EC8C7942-EE97-44A4-BDFE-307BFACF588B}.Debug|Win32.Build.0 = Release|Win32
		{EC8C7942-EE97-44A4-BDFE-307BFACF588B}.Debug|x64.ActiveCfg = Release|x64
		{EC8C7942-EE97-44A4-BDFE-307BFACF588B}.Debug|x64.Build.0 = Release|x64
		{EC8C7942-EE97-44A4-BDFE-307BFACF588B}.Release|Win32.ActiveCfg = Release|Win32
		{EC8C7942-EE97-44A4-BDFE-307BFACF588B}.Release|Win32.Build.0 = Release|Win32
		{EC8C7942-EE97-44A4-BDFE-307BFACF588B}.Release|x64.ActiveCfg = Release|x64
		{EC8C7942-EE97-44A4-BDFE-307BFACF588B}.Release|x64.Build.0 = Release|x64
	EndGlobalSection
	GlobalSection(SolutionProperties) = preSolution
		HideSolutionNode = FALSE
	EndGlobalSection
EndGlobal
